
Microsoft Visual Studio Solution File, Format Version 12.00
# Visual Studio 2012
Project("{FAE04EC0-301F-11D3-BF4B-00C04F79EFBC}") = "Lab2", "Lab2\Lab2.csproj", "{2D1E6248-1748-4674-9026-B576EDD6AFC0}"
EndProject
Project("{FAE04EC0-301F-11D3-BF4B-00C04F79EFBC}") = "Lab2.iOS", "iOS\Lab2.iOS.csproj", "{FD455B68-EA3D-4056-B878-A2456E0708BF}"
EndProject
Project("{FAE04EC0-301F-11D3-BF4B-00C04F79EFBC}") = "Lab2.Droid", "Droid\Lab2.Droid.csproj", "{885991B5-3861-4EFF-ABC8-92C3A37EEB8C}"
EndProject
Global
	GlobalSection(SolutionConfigurationPlatforms) = preSolution
		Debug|Any CPU = Debug|Any CPU
		Release|Any CPU = Release|Any CPU
		Debug|iPhoneSimulator = Debug|iPhoneSimulator
		Release|iPhone = Release|iPhone
		Release|iPhoneSimulator = Release|iPhoneSimulator
		Debug|iPhone = Debug|iPhone
	EndGlobalSection
	GlobalSection(ProjectConfigurationPlatforms) = postSolution
		{2D1E6248-1748-4674-9026-B576EDD6AFC0}.Debug|Any CPU.ActiveCfg = Debug|Any CPU
		{2D1E6248-1748-4674-9026-B576EDD6AFC0}.Debug|Any CPU.Build.0 = Debug|Any CPU
		{2D1E6248-1748-4674-9026-B576EDD6AFC0}.Release|Any CPU.ActiveCfg = Release|Any CPU
		{2D1E6248-1748-4674-9026-B576EDD6AFC0}.Release|Any CPU.Build.0 = Release|Any CPU
		{2D1E6248-1748-4674-9026-B576EDD6AFC0}.Debug|iPhoneSimulator.ActiveCfg = Debug|Any CPU
		{2D1E6248-1748-4674-9026-B576EDD6AFC0}.Debug|iPhoneSimulator.Build.0 = Debug|Any CPU
		{2D1E6248-1748-4674-9026-B576EDD6AFC0}.Release|iPhone.ActiveCfg = Release|Any CPU
		{2D1E6248-1748-4674-9026-B576EDD6AFC0}.Release|iPhone.Build.0 = Release|Any CPU
		{2D1E6248-1748-4674-9026-B576EDD6AFC0}.Release|iPhoneSimulator.ActiveCfg = Release|Any CPU
		{2D1E6248-1748-4674-9026-B576EDD6AFC0}.Release|iPhoneSimulator.Build.0 = Release|Any CPU
		{2D1E6248-1748-4674-9026-B576EDD6AFC0}.Debug|iPhone.ActiveCfg = Debug|Any CPU
		{2D1E6248-1748-4674-9026-B576EDD6AFC0}.Debug|iPhone.Build.0 = Debug|Any CPU
		{FD455B68-EA3D-4056-B878-A2456E0708BF}.Debug|Any CPU.ActiveCfg = Debug|iPhoneSimulator
		{FD455B68-EA3D-4056-B878-A2456E0708BF}.Debug|Any CPU.Build.0 = Debug|iPhoneSimulator
		{FD455B68-EA3D-4056-B878-A2456E0708BF}.Release|Any CPU.ActiveCfg = Release|iPhone
		{FD455B68-EA3D-4056-B878-A2456E0708BF}.Release|Any CPU.Build.0 = Release|iPhone
		{FD455B68-EA3D-4056-B878-A2456E0708BF}.Debug|iPhoneSimulator.ActiveCfg = Debug|iPhoneSimulator
		{FD455B68-EA3D-4056-B878-A2456E0708BF}.Debug|iPhoneSimulator.Build.0 = Debug|iPhoneSimulator
		{FD455B68-EA3D-4056-B878-A2456E0708BF}.Release|iPhone.ActiveCfg = Release|iPhone
		{FD455B68-EA3D-4056-B878-A2456E0708BF}.Release|iPhone.Build.0 = Release|iPhone
		{FD455B68-EA3D-4056-B878-A2456E0708BF}.Release|iPhoneSimulator.ActiveCfg = Release|iPhoneSimulator
		{FD455B68-EA3D-4056-B878-A2456E0708BF}.Release|iPhoneSimulator.Build.0 = Release|iPhoneSimulator
		{FD455B68-EA3D-4056-B878-A2456E0708BF}.Debug|iPhone.ActiveCfg = Debug|iPhone
		{FD455B68-EA3D-4056-B878-A2456E0708BF}.Debug|iPhone.Build.0 = Debug|iPhone
		{885991B5-3861-4EFF-ABC8-92C3A37EEB8C}.Debug|Any CPU.ActiveCfg = Debug|Any CPU
		{885991B5-3861-4EFF-ABC8-92C3A37EEB8C}.Debug|Any CPU.Build.0 = Debug|Any CPU
		{885991B5-3861-4EFF-ABC8-92C3A37EEB8C}.Release|Any CPU.ActiveCfg = Release|Any CPU
		{885991B5-3861-4EFF-ABC8-92C3A37EEB8C}.Release|Any CPU.Build.0 = Release|Any CPU
		{885991B5-3861-4EFF-ABC8-92C3A37EEB8C}.Debug|iPhoneSimulator.ActiveCfg = Debug|Any CPU
		{885991B5-3861-4EFF-ABC8-92C3A37EEB8C}.Debug|iPhoneSimulator.Build.0 = Debug|Any CPU
		{885991B5-3861-4EFF-ABC8-92C3A37EEB8C}.Release|iPhone.ActiveCfg = Release|Any CPU
		{885991B5-3861-4EFF-ABC8-92C3A37EEB8C}.Release|iPhone.Build.0 = Release|Any CPU
		{885991B5-3861-4EFF-ABC8-92C3A37EEB8C}.Release|iPhoneSimulator.ActiveCfg = Release|Any CPU
		{885991B5-3861-4EFF-ABC8-92C3A37EEB8C}.Release|iPhoneSimulator.Build.0 = Release|Any CPU
		{885991B5-3861-4EFF-ABC8-92C3A37EEB8C}.Debug|iPhone.ActiveCfg = Debug|Any CPU
		{885991B5-3861-4EFF-ABC8-92C3A37EEB8C}.Debug|iPhone.Build.0 = Debug|Any CPU
	EndGlobalSection
EndGlobal
